<?xml version="1.0" encoding="utf-8"?>
<Project ToolsVersion="4.0" xmlns="http://schemas.microsoft.com/developer/msbuild/2003">
  <ItemGroup>
    <Filter Include="Source Files">
      <UniqueIdentifier>{c8069b47-ea28-4775-a84d-699a87995874}</UniqueIdentifier>
      <Extensions>cpp;c;cxx;rc;def;r;odl;idl;hpj;bat</Extensions>
    </Filter>
    <Filter Include="Header Files">
      <UniqueIdentifier>{17f91c9f-6d29-4911-bb57-18008af04c29}</UniqueIdentifier>
      <Extensions>h;hpp;hxx;hm;inl</Extensions>
    </Filter>
    <Filter Include="Resource Files">
      <UniqueIdentifier>{939217eb-950b-4dca-a253-aa3fa64e0330}</UniqueIdentifier>
      <Extensions>ico;cur;bmp;dlg;rc2;rct;bin;rgs;gif;jpg;jpeg;jpe</Extensions>
    </Filter>
  </ItemGroup>
  <ItemGroup>
    <ClCompile Include="CorrelationLib.cpp">
      <Filter>Source Files</Filter>
    </ClCompile>
    <ClCompile Include="CrossCorrelation-BB.cpp">
      <Filter>Source Files</Filter>
    </ClCompile>
    <ClCompile Include="CrossCorrelation-BC.cpp">
      <Filter>Source Files</Filter>
    </ClCompile>
    <ClCompile Include="CrossCorrelation-CC.cpp">
      <Filter>Source Files</Filter>
    </ClCompile>
    <ClCompile Include="MyMath.cpp">
      <Filter>Source Files</Filter>
    </ClCompile>
    <ClCompile Include="ScaledCorrelation-BB.cpp">
      <Filter>Source Files</Filter>
    </ClCompile>
    <ClCompile Include="ScaledCorrelation-BC.cpp">
      <Filter>Source Files</Filter>
    </ClCompile>
    <ClCompile Include="ScaledCorrelation-CC.cpp">
      <Filter>Source Files</Filter>
    </ClCompile>
  </ItemGroup>
  <ItemGroup>
    <ClInclude Include="Constants.h">
      <Filter>Header Files</Filter>
    </ClInclude>
    <ClInclude Include="CorrelationLib.h">
      <Filter>Header Files</Filter>
    </ClInclude>
    <ClInclude Include="CrossCorrelation-BB.h">
      <Filter>Header Files</Filter>
    </ClInclude>
    <ClInclude Include="CrossCorrelation-BC.h">
      <Filter>Header Files</Filter>
    </ClInclude>
    <ClInclude Include="CrossCorrelation-CC.h">
      <Filter>Header Files</Filter>
    </ClInclude>
    <ClInclude Include="MyMath.h">
      <Filter>Header Files</Filter>
    </ClInclude>
    <ClInclude Include="ScaledCorrelation-BB.h">
      <Filter>Header Files</Filter>
    </ClInclude>
    <ClInclude Include="ScaledCorrelation-BC.h">
      <Filter>Header Files</Filter>
    </ClInclude>
    <ClInclude Include="ScaledCorrelation-CC.h">
      <Filter>Header Files</Filter>
    </ClInclude>
  </ItemGroup>
  <ItemGroup>
    <CustomBuild Include="CorrelationLib.def">
      <Filter>Resource Files</Filter>
    </CustomBuild>
  </ItemGroup>
</Project>